
Microsoft Visual Studio Solution File, Format Version 12.00
Project("{F2A71F9B-5D33-465A-A702-920D77279786}") = "day_01", "day_01\day_01.fsproj", "{6B1D5FE2-9604-4870-844A-364F0E2B5287}"
EndProject
Project("{F2A71F9B-5D33-465A-A702-920D77279786}") = "day_02", "day_02\day_02.fsproj", "{992C2C9C-3DFF-4C19-B4CE-DA78B41B7377}"
EndProject
Global
	GlobalSection(SolutionConfigurationPlatforms) = preSolution
		Debug|Any CPU = Debug|Any CPU
		Release|Any CPU = Release|Any CPU
	EndGlobalSection
	GlobalSection(ProjectConfigurationPlatforms) = postSolution
		{6B1D5FE2-9604-4870-844A-364F0E2B5287}.Debug|Any CPU.ActiveCfg = Debug|Any CPU
		{6B1D5FE2-9604-4870-844A-364F0E2B5287}.Debug|Any CPU.Build.0 = Debug|Any CPU
		{6B1D5FE2-9604-4870-844A-364F0E2B5287}.Release|Any CPU.ActiveCfg = Release|Any CPU
		{6B1D5FE2-9604-4870-844A-364F0E2B5287}.Release|Any CPU.Build.0 = Release|Any CPU
		{992C2C9C-3DFF-4C19-B4CE-DA78B41B7377}.Debug|Any CPU.ActiveCfg = Debug|Any CPU
		{992C2C9C-3DFF-4C19-B4CE-DA78B41B7377}.Debug|Any CPU.Build.0 = Debug|Any CPU
		{992C2C9C-3DFF-4C19-B4CE-DA78B41B7377}.Release|Any CPU.ActiveCfg = Release|Any CPU
		{992C2C9C-3DFF-4C19-B4CE-DA78B41B7377}.Release|Any CPU.Build.0 = Release|Any CPU
	EndGlobalSection
EndGlobal
